
Microsoft Visual Studio Solution File, Format Version 12.00
# Visual Studio Version 17
VisualStudioVersion = 17.0.31903.59
MinimumVisualStudioVersion = 10.0.40219.1
Project("{2150E333-8FDC-42A3-9474-1A3956D46DE8}") = "backend", "backend", "{1AE8ACA6-933B-BF2A-3671-3E2EAC007D16}"
EndProject
Project("{FAE04EC0-301F-11D3-BF4B-00C04F79EFBC}") = "AccountingInventory.API", "backend\AccountingInventory.API\AccountingInventory.API.csproj", "{AC2F6ACF-A4F6-4065-86AB-76DB30BC3FA9}"
EndProject
Project("{FAE04EC0-301F-11D3-BF4B-00C04F79EFBC}") = "AccountingInventory.Core", "backend\AccountingInventory.Core\AccountingInventory.Core.csproj", "{6BDD915A-898D-49DC-9A67-5655F555689D}"
EndProject
Project("{FAE04EC0-301F-11D3-BF4B-00C04F79EFBC}") = "AccountingInventory.Infrastructure", "backend\AccountingInventory.Infrastructure\AccountingInventory.Infrastructure.csproj", "{619F0CC1-F7AE-40E4-B627-246A6DD7D86C}"
EndProject
Project("{FAE04EC0-301F-11D3-BF4B-00C04F79EFBC}") = "AccountingInventory.Tests", "backend\AccountingInventory.Tests\AccountingInventory.Tests.csproj", "{F556567A-CE8C-48FA-9F73-1B3795F74947}"
EndProject
Global
	GlobalSection(SolutionConfigurationPlatforms) = preSolution
		Debug|Any CPU = Debug|Any CPU
		Debug|x64 = Debug|x64
		Debug|x86 = Debug|x86
		Release|Any CPU = Release|Any CPU
		Release|x64 = Release|x64
		Release|x86 = Release|x86
	EndGlobalSection
	GlobalSection(ProjectConfigurationPlatforms) = postSolution
		{AC2F6ACF-A4F6-4065-86AB-76DB30BC3FA9}.Debug|Any CPU.ActiveCfg = Debug|Any CPU
		{AC2F6ACF-A4F6-4065-86AB-76DB30BC3FA9}.Debug|Any CPU.Build.0 = Debug|Any CPU
		{AC2F6ACF-A4F6-4065-86AB-76DB30BC3FA9}.Debug|x64.ActiveCfg = Debug|Any CPU
		{AC2F6ACF-A4F6-4065-86AB-76DB30BC3FA9}.Debug|x64.Build.0 = Debug|Any CPU
		{AC2F6ACF-A4F6-4065-86AB-76DB30BC3FA9}.Debug|x86.ActiveCfg = Debug|Any CPU
		{AC2F6ACF-A4F6-4065-86AB-76DB30BC3FA9}.Debug|x86.Build.0 = Debug|Any CPU
		{AC2F6ACF-A4F6-4065-86AB-76DB30BC3FA9}.Release|Any CPU.ActiveCfg = Release|Any CPU
		{AC2F6ACF-A4F6-4065-86AB-76DB30BC3FA9}.Release|Any CPU.Build.0 = Release|Any CPU
		{AC2F6ACF-A4F6-4065-86AB-76DB30BC3FA9}.Release|x64.ActiveCfg = Release|Any CPU
		{AC2F6ACF-A4F6-4065-86AB-76DB30BC3FA9}.Release|x64.Build.0 = Release|Any CPU
		{AC2F6ACF-A4F6-4065-86AB-76DB30BC3FA9}.Release|x86.ActiveCfg = Release|Any CPU
		{AC2F6ACF-A4F6-4065-86AB-76DB30BC3FA9}.Release|x86.Build.0 = Release|Any CPU
		{6BDD915A-898D-49DC-9A67-5655F555689D}.Debug|Any CPU.ActiveCfg = Debug|Any CPU
		{6BDD915A-898D-49DC-9A67-5655F555689D}.Debug|Any CPU.Build.0 = Debug|Any CPU
		{6BDD915A-898D-49DC-9A67-5655F555689D}.Debug|x64.ActiveCfg = Debug|Any CPU
		{6BDD915A-898D-49DC-9A67-5655F555689D}.Debug|x64.Build.0 = Debug|Any CPU
		{6BDD915A-898D-49DC-9A67-5655F555689D}.Debug|x86.ActiveCfg = Debug|Any CPU
		{6BDD915A-898D-49DC-9A67-5655F555689D}.Debug|x86.Build.0 = Debug|Any CPU
		{6BDD915A-898D-49DC-9A67-5655F555689D}.Release|Any CPU.ActiveCfg = Release|Any CPU
		{6BDD915A-898D-49DC-9A67-5655F555689D}.Release|Any CPU.Build.0 = Release|Any CPU
		{6BDD915A-898D-49DC-9A67-5655F555689D}.Release|x64.ActiveCfg = Release|Any CPU
		{6BDD915A-898D-49DC-9A67-5655F555689D}.Release|x64.Build.0 = Release|Any CPU
		{6BDD915A-898D-49DC-9A67-5655F555689D}.Release|x86.ActiveCfg = Release|Any CPU
		{6BDD915A-898D-49DC-9A67-5655F555689D}.Release|x86.Build.0 = Release|Any CPU
		{619F0CC1-F7AE-40E4-B627-246A6DD7D86C}.Debug|Any CPU.ActiveCfg = Debug|Any CPU
		{619F0CC1-F7AE-40E4-B627-246A6DD7D86C}.Debug|Any CPU.Build.0 = Debug|Any CPU
		{619F0CC1-F7AE-40E4-B627-246A6DD7D86C}.Debug|x64.ActiveCfg = Debug|Any CPU
		{619F0CC1-F7AE-40E4-B627-246A6DD7D86C}.Debug|x64.Build.0 = Debug|Any CPU
		{619F0CC1-F7AE-40E4-B627-246A6DD7D86C}.Debug|x86.ActiveCfg = Debug|Any CPU
		{619F0CC1-F7AE-40E4-B627-246A6DD7D86C}.Debug|x86.Build.0 = Debug|Any CPU
		{619F0CC1-F7AE-40E4-B627-246A6DD7D86C}.Release|Any CPU.ActiveCfg = Release|Any CPU
		{619F0CC1-F7AE-40E4-B627-246A6DD7D86C}.Release|Any CPU.Build.0 = Release|Any CPU
		{619F0CC1-F7AE-40E4-B627-246A6DD7D86C}.Release|x64.ActiveCfg = Release|Any CPU
		{619F0CC1-F7AE-40E4-B627-246A6DD7D86C}.Release|x64.Build.0 = Release|Any CPU
		{619F0CC1-F7AE-40E4-B627-246A6DD7D86C}.Release|x86.ActiveCfg = Release|Any CPU
		{619F0CC1-F7AE-40E4-B627-246A6DD7D86C}.Release|x86.Build.0 = Release|Any CPU
		{F556567A-CE8C-48FA-9F73-1B3795F74947}.Debug|Any CPU.ActiveCfg = Debug|Any CPU
		{F556567A-CE8C-48FA-9F73-1B3795F74947}.Debug|Any CPU.Build.0 = Debug|Any CPU
		{F556567A-CE8C-48FA-9F73-1B3795F74947}.Debug|x64.ActiveCfg = Debug|Any CPU
		{F556567A-CE8C-48FA-9F73-1B3795F74947}.Debug|x64.Build.0 = Debug|Any CPU
		{F556567A-CE8C-48FA-9F73-1B3795F74947}.Debug|x86.ActiveCfg = Debug|Any CPU
		{F556567A-CE8C-48FA-9F73-1B3795F74947}.Debug|x86.Build.0 = Debug|Any CPU
		{F556567A-CE8C-48FA-9F73-1B3795F74947}.Release|Any CPU.ActiveCfg = Release|Any CPU
		{F556567A-CE8C-48FA-9F73-1B3795F74947}.Release|Any CPU.Build.0 = Release|Any CPU
		{F556567A-CE8C-48FA-9F73-1B3795F74947}.Release|x64.ActiveCfg = Release|Any CPU
		{F556567A-CE8C-48FA-9F73-1B3795F74947}.Release|x64.Build.0 = Release|Any CPU
		{F556567A-CE8C-48FA-9F73-1B3795F74947}.Release|x86.ActiveCfg = Release|Any CPU
		{F556567A-CE8C-48FA-9F73-1B3795F74947}.Release|x86.Build.0 = Release|Any CPU
	EndGlobalSection
	GlobalSection(SolutionProperties) = preSolution
		HideSolutionNode = FALSE
	EndGlobalSection
	GlobalSection(NestedProjects) = preSolution
		{AC2F6ACF-A4F6-4065-86AB-76DB30BC3FA9} = {1AE8ACA6-933B-BF2A-3671-3E2EAC007D16}
		{6BDD915A-898D-49DC-9A67-5655F555689D} = {1AE8ACA6-933B-BF2A-3671-3E2EAC007D16}
		{619F0CC1-F7AE-40E4-B627-246A6DD7D86C} = {1AE8ACA6-933B-BF2A-3671-3E2EAC007D16}
		{F556567A-CE8C-48FA-9F73-1B3795F74947} = {1AE8ACA6-933B-BF2A-3671-3E2EAC007D16}
	EndGlobalSection
EndGlobal
